// !$*UTF8*$!
{
	archiveVersion = 1;
	classes = {
	};
	objectVersion = 50;
	objects = {

/* Begin PBXBuildFile section */
		025E0BE72105C63000ECC12E /* SliderView.swift in Sources */ = {isa = PBXBuildFile; fileRef = 025E0BE52105C63000ECC12E /* SliderView.swift */; };
		025E0BE82105C63000ECC12E /* SliderView.xib in Resources */ = {isa = PBXBuildFile; fileRef = 025E0BE62105C63000ECC12E /* SliderView.xib */; };
		027BE0AC2105F79A00AD379A /* DDC.c in Sources */ = {isa = PBXBuildFile; fileRef = 027BE0AB2105F79900AD379A /* DDC.c */; };
		027BE0CB2106C87E00AD379A /* ddc_helper.m in Sources */ = {isa = PBXBuildFile; fileRef = 027BE0CA2106C87E00AD379A /* ddc_helper.m */; };
		029C27052104755300DA861F /* AppDelegate.swift in Sources */ = {isa = PBXBuildFile; fileRef = 029C27042104755300DA861F /* AppDelegate.swift */; };
		029C27072104755500DA861F /* Assets.xcassets in Resources */ = {isa = PBXBuildFile; fileRef = 029C27062104755500DA861F /* Assets.xcassets */; };
		029C270A2104755500DA861F /* MainMenu.xib in Resources */ = {isa = PBXBuildFile; fileRef = 029C27082104755500DA861F /* MainMenu.xib */; };
		029C272A2105C32F00DA861F /* ExtneralScreen.swift in Sources */ = {isa = PBXBuildFile; fileRef = 029C27272105C32F00DA861F /* ExtneralScreen.swift */; };
		02FB96D62105C83A00669B78 /* StatusItemController.swift in Sources */ = {isa = PBXBuildFile; fileRef = 02FB96D52105C83A00669B78 /* StatusItemController.swift */; };
/* End PBXBuildFile section */

/* Begin PBXFileReference section */
		025E0BE52105C63000ECC12E /* SliderView.swift */ = {isa = PBXFileReference; lastKnownFileType = sourcecode.swift; path = SliderView.swift; sourceTree = "<group>"; };
		025E0BE62105C63000ECC12E /* SliderView.xib */ = {isa = PBXFileReference; lastKnownFileType = file.xib; path = SliderView.xib; sourceTree = "<group>"; };
		027BE0AB2105F79900AD379A /* DDC.c */ = {isa = PBXFileReference; fileEncoding = 4; lastKnownFileType = sourcecode.c.c; path = DDC.c; sourceTree = "<group>"; };
		027BE0CA2106C87E00AD379A /* ddc_helper.m */ = {isa = PBXFileReference; lastKnownFileType = sourcecode.c.objc; path = ddc_helper.m; sourceTree = "<group>"; };
		027BE0CC2106CA2100AD379A /* ddc_helper.h */ = {isa = PBXFileReference; lastKnownFileType = sourcecode.c.h; path = ddc_helper.h; sourceTree = "<group>"; };
		029C27012104755300DA861F /* ExtBrightness.app */ = {isa = PBXFileReference; explicitFileType = wrapper.application; includeInIndex = 0; path = ExtBrightness.app; sourceTree = BUILT_PRODUCTS_DIR; };
		029C27042104755300DA861F /* AppDelegate.swift */ = {isa = PBXFileReference; lastKnownFileType = sourcecode.swift; path = AppDelegate.swift; sourceTree = "<group>"; };
		029C27062104755500DA861F /* Assets.xcassets */ = {isa = PBXFileReference; lastKnownFileType = folder.assetcatalog; path = Assets.xcassets; sourceTree = "<group>"; };
		029C27092104755500DA861F /* Base */ = {isa = PBXFileReference; lastKnownFileType = file.xib; name = Base; path = Base.lproj/MainMenu.xib; sourceTree = "<group>"; };
		029C270B2104755500DA861F /* Info.plist */ = {isa = PBXFileReference; lastKnownFileType = text.plist.xml; path = Info.plist; sourceTree = "<group>"; };
		029C270C2104755500DA861F /* ExtBrightness.entitlements */ = {isa = PBXFileReference; lastKnownFileType = text.plist.entitlements; path = ExtBrightness.entitlements; sourceTree = "<group>"; };
		029C2718210485E000DA861F /* ExtBrightness-Bridging-Header.h */ = {isa = PBXFileReference; lastKnownFileType = sourcecode.c.h; path = "ExtBrightness-Bridging-Header.h"; sourceTree = "<group>"; };
		029C2719210485E100DA861F /* DDC.h */ = {isa = PBXFileReference; lastKnownFileType = sourcecode.c.h; path = DDC.h; sourceTree = "<group>"; };
		029C27272105C32F00DA861F /* ExtneralScreen.swift */ = {isa = PBXFileReference; fileEncoding = 4; lastKnownFileType = sourcecode.swift; path = ExtneralScreen.swift; sourceTree = "<group>"; };
		02FB96D52105C83A00669B78 /* StatusItemController.swift */ = {isa = PBXFileReference; lastKnownFileType = sourcecode.swift; name = StatusItemController.swift; path = /Users/liuzikai/Documents/Programming/macOS/ExtBrightness/ExtBrightness/StatusItemController.swift; sourceTree = "<absolute>"; };
/* End PBXFileReference section */

/* Begin PBXFrameworksBuildPhase section */
		029C26FE2104755300DA861F /* Frameworks */ = {
			isa = PBXFrameworksBuildPhase;
			buildActionMask = 2147483647;
			files = (
			);
			runOnlyForDeploymentPostprocessing = 0;
		};
/* End PBXFrameworksBuildPhase section */

/* Begin PBXGroup section */
		027BE0A82105F35A00AD379A /* Frameworks */ = {
			isa = PBXGroup;
			children = (
			);
			name = Frameworks;
			sourceTree = "<group>";
		};
		029C26F82104755300DA861F = {
			isa = PBXGroup;
			children = (
				029C27032104755300DA861F /* ExtBrightness */,
				029C271E2104D30E00DA861F /* ddcctl */,
				029C27022104755300DA861F /* Products */,
				027BE0A82105F35A00AD379A /* Frameworks */,
			);
			sourceTree = "<group>";
		};
		029C27022104755300DA861F /* Products */ = {
			isa = PBXGroup;
			children = (
				029C27012104755300DA861F /* ExtBrightness.app */,
			);
			name = Products;
			sourceTree = "<group>";
		};
		029C27032104755300DA861F /* ExtBrightness */ = {
			isa = PBXGroup;
			children = (
				029C27042104755300DA861F /* AppDelegate.swift */,
				029C27062104755500DA861F /* Assets.xcassets */,
				029C27082104755500DA861F /* MainMenu.xib */,
				029C270B2104755500DA861F /* Info.plist */,
				02FB96D52105C83A00669B78 /* StatusItemController.swift */,
				029C27272105C32F00DA861F /* ExtneralScreen.swift */,
				025E0BE52105C63000ECC12E /* SliderView.swift */,
				025E0BE62105C63000ECC12E /* SliderView.xib */,
				029C2718210485E000DA861F /* ExtBrightness-Bridging-Header.h */,
				029C270C2104755500DA861F /* ExtBrightness.entitlements */,
			);
			path = ExtBrightness;
			sourceTree = "<group>";
		};
		029C271E2104D30E00DA861F /* ddcctl */ = {
			isa = PBXGroup;
			children = (
				027BE0AB2105F79900AD379A /* DDC.c */,
				029C2719210485E100DA861F /* DDC.h */,
				027BE0CA2106C87E00AD379A /* ddc_helper.m */,
				027BE0CC2106CA2100AD379A /* ddc_helper.h */,
			);
			path = ddcctl;
			sourceTree = "<group>";
		};
/* End PBXGroup section */

/* Begin PBXNativeTarget section */
		029C27002104755300DA861F /* ExtBrightness */ = {
			isa = PBXNativeTarget;
			buildConfigurationList = 029C270F2104755500DA861F /* Build configuration list for PBXNativeTarget "ExtBrightness" */;
			buildPhases = (
				029C26FD2104755300DA861F /* Sources */,
				029C26FE2104755300DA861F /* Frameworks */,
				029C26FF2104755300DA861F /* Resources */,
			);
			buildRules = (
			);
			dependencies = (
			);
			name = ExtBrightness;
			productName = ExtBrightness;
			productReference = 029C27012104755300DA861F /* ExtBrightness.app */;
			productType = "com.apple.product-type.application";
		};
/* End PBXNativeTarget section */

/* Begin PBXProject section */
		029C26F92104755300DA861F /* Project object */ = {
			isa = PBXProject;
			attributes = {
				LastSwiftUpdateCheck = 0940;
				LastUpgradeCheck = 0940;
				ORGANIZATIONNAME = liuzikai;
				TargetAttributes = {
					029C27002104755300DA861F = {
						CreatedOnToolsVersion = 9.4.1;
						LastSwiftMigration = 0940;
					};
				};
			};
			buildConfigurationList = 029C26FC2104755300DA861F /* Build configuration list for PBXProject "ExtBrightness" */;
			compatibilityVersion = "Xcode 9.3";
			developmentRegion = en;
			hasScannedForEncodings = 0;
			knownRegions = (
				en,
				Base,
			);
			mainGroup = 029C26F82104755300DA861F;
			productRefGroup = 029C27022104755300DA861F /* Products */;
			projectDirPath = "";
			projectRoot = "";
			targets = (
				029C27002104755300DA861F /* ExtBrightness */,
			);
		};
/* End PBXProject section */

/* Begin PBXResourcesBuildPhase section */
		029C26FF2104755300DA861F /* Resources */ = {
			isa = PBXResourcesBuildPhase;
			buildActionMask = 2147483647;
			files = (
				025E0BE82105C63000ECC12E /* SliderView.xib in Resources */,
				029C27072104755500DA861F /* Assets.xcassets in Resources */,
				029C270A2104755500DA861F /* MainMenu.xib in Resources */,
			);
			runOnlyForDeploymentPostprocessing = 0;
		};
/* End PBXResourcesBuildPhase section */

/* Begin PBXSourcesBuildPhase section */
		029C26FD2104755300DA861F /* Sources */ = {
			isa = PBXSourcesBuildPhase;
			buildActionMask = 2147483647;
			files = (
				025E0BE72105C63000ECC12E /* SliderView.swift in Sources */,
				027BE0CB2106C87E00AD379A /* ddc_helper.m in Sources */,
				02FB96D62105C83A00669B78 /* StatusItemController.swift in Sources */,
				029C27052104755300DA861F /* AppDelegate.swift in Sources */,
				027BE0AC2105F79A00AD379A /* DDC.c in Sources */,
				029C272A2105C32F00DA861F /* ExtneralScreen.swift in Sources */,
			);
			runOnlyForDeploymentPostprocessing = 0;
		};
/* End PBXSourcesBuildPhase section */

/* Begin PBXVariantGroup section */
		029C27082104755500DA861F /* MainMenu.xib */ = {
			isa = PBXVariantGroup;
			children = (
				029C27092104755500DA861F /* Base */,
			);
			name = MainMenu.xib;
			sourceTree = "<group>";
		};
/* End PBXVariantGroup section */

/* Begin XCBuildConfiguration section */
		029C270D2104755500DA861F /* Debug */ = {
			isa = XCBuildConfiguration;
			buildSettings = {
				ALWAYS_SEARCH_USER_PATHS = NO;
				CLANG_ANALYZER_NONNULL = YES;
				CLANG_ANALYZER_NUMBER_OBJECT_CONVERSION = YES_AGGRESSIVE;
				CLANG_CXX_LANGUAGE_STANDARD = "gnu++14";
				CLANG_CXX_LIBRARY = "libc++";
				CLANG_ENABLE_MODULES = YES;
				CLANG_ENABLE_OBJC_ARC = YES;
				CLANG_ENABLE_OBJC_WEAK = YES;
				CLANG_WARN_BLOCK_CAPTURE_AUTORELEASING = YES;
				CLANG_WARN_BOOL_CONVERSION = YES;
				CLANG_WARN_COMMA = YES;
				CLANG_WARN_CONSTANT_CONVERSION = YES;
				CLANG_WARN_DEPRECATED_OBJC_IMPLEMENTATIONS = YES;
				CLANG_WARN_DIRECT_OBJC_ISA_USAGE = YES_ERROR;
				CLANG_WARN_DOCUMENTATION_COMMENTS = YES;
				CLANG_WARN_EMPTY_BODY = YES;
				CLANG_WARN_ENUM_CONVERSION = YES;
				CLANG_WARN_INFINITE_RECURSION = YES;
				CLANG_WARN_INT_CONVERSION = YES;
				CLANG_WARN_NON_LITERAL_NULL_CONVERSION = YES;
				CLANG_WARN_OBJC_IMPLICIT_RETAIN_SELF = YES;
				CLANG_WARN_OBJC_LITERAL_CONVERSION = YES;
				CLANG_WARN_OBJC_ROOT_CLASS = YES_ERROR;
				CLANG_WARN_RANGE_LOOP_ANALYSIS = YES;
				CLANG_WARN_STRICT_PROTOTYPES = YES;
				CLANG_WARN_SUSPICIOUS_MOVE = YES;
				CLANG_WARN_UNGUARDED_AVAILABILITY = YES_AGGRESSIVE;
				CLANG_WARN_UNREACHABLE_CODE = YES;
				CLANG_WARN__DUPLICATE_METHOD_MATCH = YES;
				CODE_SIGN_IDENTITY = "-";
				COPY_PHASE_STRIP = NO;
				DEBUG_INFORMATION_FORMAT = dwarf;
				ENABLE_STRICT_OBJC_MSGSEND = YES;
				ENABLE_TESTABILITY = YES;
				GCC_C_LANGUAGE_STANDARD = gnu11;
				GCC_DYNAMIC_NO_PIC = NO;
				GCC_NO_COMMON_BLOCKS = YES;
				GCC_OPTIMIZATION_LEVEL = 0;
				GCC_PREPROCESSOR_DEFINITIONS = (
					"DEBUG=1",
					"$(inherited)",
				);
				GCC_WARN_64_TO_32_BIT_CONVERSION = YES;
				GCC_WARN_ABOUT_RETURN_TYPE = YES_ERROR;
				GCC_WARN_UNDECLARED_SELECTOR = YES;
				GCC_WARN_UNINITIALIZED_AUTOS = YES_AGGRESSIVE;
				GCC_WARN_UNUSED_FUNCTION = YES;
				GCC_WARN_UNUSED_VARIABLE = YES;
				MACOSX_DEPLOYMENT_TARGET = 10.13;
				MTL_ENABLE_DEBUG_INFO = YES;
				ONLY_ACTIVE_ARCH = YES;
				SDKROOT = macosx;
				SWIFT_ACTIVE_COMPILATION_CONDITIONS = DEBUG;
				SWIFT_OPTIMIZATION_LEVEL = "-Onone";
			};
			name = Debug;
		};
		029C270E2104755500DA861F /* Release */ = {
			isa = XCBuildConfiguration;
			buildSettings = {
				ALWAYS_SEARCH_USER_PATHS = NO;
				CLANG_ANALYZER_NONNULL = YES;
				CLANG_ANALYZER_NUMBER_OBJECT_CONVERSION = YES_AGGRESSIVE;
				CLANG_CXX_LANGUAGE_STANDARD = "gnu++14";
				CLANG_CXX_LIBRARY = "libc++";
				CLANG_ENABLE_MODULES = YES;
				CLANG_ENABLE_OBJC_ARC = YES;
				CLANG_ENABLE_OBJC_WEAK = YES;
				CLANG_WARN_BLOCK_CAPTURE_AUTORELEASING = YES;
				CLANG_WARN_BOOL_CONVERSION = YES;
				CLANG_WARN_COMMA = YES;
				CLANG_WARN_CONSTANT_CONVERSION = YES;
				CLANG_WARN_DEPRECATED_OBJC_IMPLEMENTATIONS = YES;
				CLANG_WARN_DIRECT_OBJC_ISA_USAGE = YES_ERROR;
				CLANG_WARN_DOCUMENTATION_COMMENTS = YES;
				CLANG_WARN_EMPTY_BODY = YES;
				CLANG_WARN_ENUM_CONVERSION = YES;
				CLANG_WARN_INFINITE_RECURSION = YES;
				CLANG_WARN_INT_CONVERSION = YES;
				CLANG_WARN_NON_LITERAL_NULL_CONVERSION = YES;
				CLANG_WARN_OBJC_IMPLICIT_RETAIN_SELF = YES;
				CLANG_WARN_OBJC_LITERAL_CONVERSION = YES;
				CLANG_WARN_OBJC_ROOT_CLASS = YES_ERROR;
				CLANG_WARN_RANGE_LOOP_ANALYSIS = YES;
				CLANG_WARN_STRICT_PROTOTYPES = YES;
				CLANG_WARN_SUSPICIOUS_MOVE = YES;
				CLANG_WARN_UNGUARDED_AVAILABILITY = YES_AGGRESSIVE;
				CLANG_WARN_UNREACHABLE_CODE = YES;
				CLANG_WARN__DUPLICATE_METHOD_MATCH = YES;
				CODE_SIGN_IDENTITY = "-";
				COPY_PHASE_STRIP = NO;
				DEBUG_INFORMATION_FORMAT = "dwarf-with-dsym";
				ENABLE_NS_ASSERTIONS = NO;
				ENABLE_STRICT_OBJC_MSGSEND = YES;
				GCC_C_LANGUAGE_STANDARD = gnu11;
				GCC_NO_COMMON_BLOCKS = YES;
				GCC_WARN_64_TO_32_BIT_CONVERSION = YES;
				GCC_WARN_ABOUT_RETURN_TYPE = YES_ERROR;
				GCC_WARN_UNDECLARED_SELECTOR = YES;
				GCC_WARN_UNINITIALIZED_AUTOS = YES_AGGRESSIVE;
				GCC_WARN_UNUSED_FUNCTION = YES;
				GCC_WARN_UNUSED_VARIABLE = YES;
				MACOSX_DEPLOYMENT_TARGET = 10.13;
				MTL_ENABLE_DEBUG_INFO = NO;
				SDKROOT = macosx;
				SWIFT_COMPILATION_MODE = wholemodule;
				SWIFT_OPTIMIZATION_LEVEL = "-O";
			};
			name = Release;
		};
		029C27102104755500DA861F /* Debug */ = {
			isa = XCBuildConfiguration;
			buildSettings = {
				ASSETCATALOG_COMPILER_APPICON_NAME = AppIcon;
				CLANG_ENABLE_MODULES = YES;
				CODE_SIGN_STYLE = Automatic;
				COMBINE_HIDPI_IMAGES = YES;
				INFOPLIST_FILE = ExtBrightness/Info.plist;
				LD_RUNPATH_SEARCH_PATHS = (
					"$(inherited)",
					"@executable_path/../Frameworks",
				);
				LIBRARY_SEARCH_PATHS = (
					"$(inherited)",
					"$(PROJECT_DIR)",
				);
				PRODUCT_BUNDLE_IDENTIFIER = com.liuzikai.ExtBrightness;
				PRODUCT_NAME = "$(TARGET_NAME)";
				SWIFT_OBJC_BRIDGING_HEADER = "ExtBrightness/ExtBrightness-Bridging-Header.h";
				SWIFT_OPTIMIZATION_LEVEL = "-Onone";
				SWIFT_VERSION = 4.0;
			};
			name = Debug;
		};
		029C27112104755500DA861F /* Release */ = {
			isa = XCBuildConfiguration;
			buildSettings = {
				ASSETCATALOG_COMPILER_APPICON_NAME = AppIcon;
				CLANG_ENABLE_MODULES = YES;
				CODE_SIGN_STYLE = Automatic;
				COMBINE_HIDPI_IMAGES = YES;
				INFOPLIST_FILE = ExtBrightness/Info.plist;
				LD_RUNPATH_SEARCH_PATHS = (
					"$(inherited)",
					"@executable_path/../Frameworks",
				);
				LIBRARY_SEARCH_PATHS = (
					"$(inherited)",
					"$(PROJECT_DIR)",
				);
				PRODUCT_BUNDLE_IDENTIFIER = com.liuzikai.ExtBrightness;
				PRODUCT_NAME = "$(TARGET_NAME)";
				SWIFT_OBJC_BRIDGING_HEADER = "ExtBrightness/ExtBrightness-Bridging-Header.h";
				SWIFT_VERSION = 4.0;
			};
			name = Release;
		};
/* End XCBuildConfiguration section */

/* Begin XCConfigurationList section */
		029C26FC2104755300DA861F /* Build configuration list for PBXProject "ExtBrightness" */ = {
			isa = XCConfigurationList;
			buildConfigurations = (
				029C270D2104755500DA861F /* Debug */,
				029C270E2104755500DA861F /* Release */,
			);
			defaultConfigurationIsVisible = 0;
			defaultConfigurationName = Release;
		};
		029C270F2104755500DA861F /* Build configuration list for PBXNativeTarget "ExtBrightness" */ = {
			isa = XCConfigurationList;
			buildConfigurations = (
				029C27102104755500DA861F /* Debug */,
				029C27112104755500DA861F /* Release */,
			);
			defaultConfigurationIsVisible = 0;
			defaultConfigurationName = Release;
		};
/* End XCConfigurationList section */
	};
	rootObject = 029C26F92104755300DA861F /* Project object */;
}
